
Microsoft Visual Studio Solution File, Format Version 12.00
# Visual Studio Version 16
VisualStudioVersion = 16.0.31605.320
MinimumVisualStudioVersion = 10.0.40219.1
Project("{FAE04EC0-301F-11D3-BF4B-00C04F79EFBC}") = "StringReaderexample", "StringReaderexample\StringReaderexample.csproj", "{36221875-A37C-486A-ACD7-07C9F013AD2A}"
EndProject
Global
	GlobalSection(SolutionConfigurationPlatforms) = preSolution
		Debug|Any CPU = Debug|Any CPU
		Release|Any CPU = Release|Any CPU
	EndGlobalSection
	GlobalSection(ProjectConfigurationPlatforms) = postSolution
		{36221875-A37C-486A-ACD7-07C9F013AD2A}.Debug|Any CPU.ActiveCfg = Debug|Any CPU
		{36221875-A37C-486A-ACD7-07C9F013AD2A}.Debug|Any CPU.Build.0 = Debug|Any CPU
		{36221875-A37C-486A-ACD7-07C9F013AD2A}.Release|Any CPU.ActiveCfg = Release|Any CPU
		{36221875-A37C-486A-ACD7-07C9F013AD2A}.Release|Any CPU.Build.0 = Release|Any CPU
	EndGlobalSection
	GlobalSection(SolutionProperties) = preSolution
		HideSolutionNode = FALSE
	EndGlobalSection
	GlobalSection(ExtensibilityGlobals) = postSolution
		SolutionGuid = {3B7697A0-934C-4F71-9364-400B796ACA6D}
	EndGlobalSection
EndGlobal
